{
  "name": "vision-line-bot",
  "version": "1.0.0",
  "lockfileVersion": 2,
  "requires": true,
  "packages": {
    "": {
      "name": "vision-line-bot",
      "version": "1.0.0",
      "dependencies": {
        "axios": "^1.6.8",
        "cloudinary": "^1.41.3",
        "dotenv": "^16.4.5",
        "express": "^4.19.2",
        "line-bot-sdk": "^7.5.0",
        "raw-body": "^2.5.2"
      }
    }
  },
  "dependencies": {
    "axios": {
      "version": "1.6.8",
      "resolved": "",
      "integrity": ""
    },
    "cloudinary": {
      "version": "1.41.3",
      "resolved": "",
      "integrity": ""
    },
    "dotenv": {
      "version": "16.4.5",
      "resolved": "",
      "integrity": ""
    },
    "express": {
      "version": "4.19.2",
      "resolved": "",
      "integrity": ""
    },
    "line-bot-sdk": {
      "version": "7.5.0",
      "resolved": "",
      "integrity": ""
    },
    "raw-body": {
      "version": "2.5.2",
      "resolved": "",
      "integrity": ""
    }
  }
}